// !$*UTF8*$!
{
	archiveVersion = 1;
	classes = {
	};
	objectVersion = 50;
	objects = {

/* Begin PBXBuildFile section */
		7526547A21BAAD6B00FAE206 /* AppDelegate.m in Sources */ = {isa = PBXBuildFile; fileRef = 7526547921BAAD6B00FAE206 /* AppDelegate.m */; };
		7526547D21BAAD6B00FAE206 /* ViewController.m in Sources */ = {isa = PBXBuildFile; fileRef = 7526547C21BAAD6B00FAE206 /* ViewController.m */; };
		7526548021BAAD6B00FAE206 /* Main.storyboard in Resources */ = {isa = PBXBuildFile; fileRef = 7526547E21BAAD6B00FAE206 /* Main.storyboard */; };
		7526548221BAAD6D00FAE206 /* Assets.xcassets in Resources */ = {isa = PBXBuildFile; fileRef = 7526548121BAAD6D00FAE206 /* Assets.xcassets */; };
		7526548521BAAD6D00FAE206 /* LaunchScreen.storyboard in Resources */ = {isa = PBXBuildFile; fileRef = 7526548321BAAD6D00FAE206 /* LaunchScreen.storyboard */; };
		7526548821BAAD6D00FAE206 /* main.m in Sources */ = {isa = PBXBuildFile; fileRef = 7526548721BAAD6D00FAE206 /* main.m */; };
		7526549021BAAE4A00FAE206 /* Helper.swift in Sources */ = {isa = PBXBuildFile; fileRef = 7526548F21BAAE4A00FAE206 /* Helper.swift */; };
		7526549321BAAE6800FAE206 /* Helper+Objc.m in Sources */ = {isa = PBXBuildFile; fileRef = 7526549221BAAE6800FAE206 /* Helper+Objc.m */; };
		D3074860282CED129D086A0E /* libPods-TestMixBuild.a in Frameworks */ = {isa = PBXBuildFile; fileRef = 937165FB6E262F05BECC5872 /* libPods-TestMixBuild.a */; };
/* End PBXBuildFile section */

/* Begin PBXFileReference section */
		7526547521BAAD6B00FAE206 /* TestMixBuild.app */ = {isa = PBXFileReference; explicitFileType = wrapper.application; includeInIndex = 0; path = TestMixBuild.app; sourceTree = BUILT_PRODUCTS_DIR; };
		7526547821BAAD6B00FAE206 /* AppDelegate.h */ = {isa = PBXFileReference; lastKnownFileType = sourcecode.c.h; path = AppDelegate.h; sourceTree = "<group>"; };
		7526547921BAAD6B00FAE206 /* AppDelegate.m */ = {isa = PBXFileReference; lastKnownFileType = sourcecode.c.objc; path = AppDelegate.m; sourceTree = "<group>"; };
		7526547B21BAAD6B00FAE206 /* ViewController.h */ = {isa = PBXFileReference; lastKnownFileType = sourcecode.c.h; path = ViewController.h; sourceTree = "<group>"; };
		7526547C21BAAD6B00FAE206 /* ViewController.m */ = {isa = PBXFileReference; lastKnownFileType = sourcecode.c.objc; path = ViewController.m; sourceTree = "<group>"; };
		7526547F21BAAD6B00FAE206 /* Base */ = {isa = PBXFileReference; lastKnownFileType = file.storyboard; name = Base; path = Base.lproj/Main.storyboard; sourceTree = "<group>"; };
		7526548121BAAD6D00FAE206 /* Assets.xcassets */ = {isa = PBXFileReference; lastKnownFileType = folder.assetcatalog; path = Assets.xcassets; sourceTree = "<group>"; };
		7526548421BAAD6D00FAE206 /* Base */ = {isa = PBXFileReference; lastKnownFileType = file.storyboard; name = Base; path = Base.lproj/LaunchScreen.storyboard; sourceTree = "<group>"; };
		7526548621BAAD6D00FAE206 /* Info.plist */ = {isa = PBXFileReference; lastKnownFileType = text.plist.xml; path = Info.plist; sourceTree = "<group>"; };
		7526548721BAAD6D00FAE206 /* main.m */ = {isa = PBXFileReference; lastKnownFileType = sourcecode.c.objc; path = main.m; sourceTree = "<group>"; };
		7526548E21BAAE4A00FAE206 /* TestMixBuild-Bridging-Header.h */ = {isa = PBXFileReference; lastKnownFileType = sourcecode.c.h; path = "TestMixBuild-Bridging-Header.h"; sourceTree = "<group>"; };
		7526548F21BAAE4A00FAE206 /* Helper.swift */ = {isa = PBXFileReference; lastKnownFileType = sourcecode.swift; path = Helper.swift; sourceTree = "<group>"; };
		7526549121BAAE6800FAE206 /* Helper+Objc.h */ = {isa = PBXFileReference; lastKnownFileType = sourcecode.c.h; path = "Helper+Objc.h"; sourceTree = "<group>"; };
		7526549221BAAE6800FAE206 /* Helper+Objc.m */ = {isa = PBXFileReference; lastKnownFileType = sourcecode.c.objc; path = "Helper+Objc.m"; sourceTree = "<group>"; };
		937165FB6E262F05BECC5872 /* libPods-TestMixBuild.a */ = {isa = PBXFileReference; explicitFileType = archive.ar; includeInIndex = 0; path = "libPods-TestMixBuild.a"; sourceTree = BUILT_PRODUCTS_DIR; };
		ABEA89B4377CB19CA4A96A3B /* Pods-TestMixBuild.release.xcconfig */ = {isa = PBXFileReference; includeInIndex = 1; lastKnownFileType = text.xcconfig; name = "Pods-TestMixBuild.release.xcconfig"; path = "Pods/Target Support Files/Pods-TestMixBuild/Pods-TestMixBuild.release.xcconfig"; sourceTree = "<group>"; };
		B85A599D0A7B12C3FE635C7D /* Pods-TestMixBuild.debug.xcconfig */ = {isa = PBXFileReference; includeInIndex = 1; lastKnownFileType = text.xcconfig; name = "Pods-TestMixBuild.debug.xcconfig"; path = "Pods/Target Support Files/Pods-TestMixBuild/Pods-TestMixBuild.debug.xcconfig"; sourceTree = "<group>"; };
/* End PBXFileReference section */

/* Begin PBXFrameworksBuildPhase section */
		7526547221BAAD6B00FAE206 /* Frameworks */ = {
			isa = PBXFrameworksBuildPhase;
			buildActionMask = 2147483647;
			files = (
				D3074860282CED129D086A0E /* libPods-TestMixBuild.a in Frameworks */,
			);
			runOnlyForDeploymentPostprocessing = 0;
		};
/* End PBXFrameworksBuildPhase section */

/* Begin PBXGroup section */
		64E64A5053EAF87670B2E487 /* Pods */ = {
			isa = PBXGroup;
			children = (
				B85A599D0A7B12C3FE635C7D /* Pods-TestMixBuild.debug.xcconfig */,
				ABEA89B4377CB19CA4A96A3B /* Pods-TestMixBuild.release.xcconfig */,
			);
			name = Pods;
			sourceTree = "<group>";
		};
		7356B9684C9B64CB22F047C8 /* Frameworks */ = {
			isa = PBXGroup;
			children = (
				937165FB6E262F05BECC5872 /* libPods-TestMixBuild.a */,
			);
			name = Frameworks;
			sourceTree = "<group>";
		};
		7526546C21BAAD6B00FAE206 = {
			isa = PBXGroup;
			children = (
				7526547721BAAD6B00FAE206 /* TestMixBuild */,
				7526547621BAAD6B00FAE206 /* Products */,
				64E64A5053EAF87670B2E487 /* Pods */,
				7356B9684C9B64CB22F047C8 /* Frameworks */,
			);
			sourceTree = "<group>";
		};
		7526547621BAAD6B00FAE206 /* Products */ = {
			isa = PBXGroup;
			children = (
				7526547521BAAD6B00FAE206 /* TestMixBuild.app */,
			);
			name = Products;
			sourceTree = "<group>";
		};
		7526547721BAAD6B00FAE206 /* TestMixBuild */ = {
			isa = PBXGroup;
			children = (
				7526547821BAAD6B00FAE206 /* AppDelegate.h */,
				7526547921BAAD6B00FAE206 /* AppDelegate.m */,
				7526547B21BAAD6B00FAE206 /* ViewController.h */,
				7526547C21BAAD6B00FAE206 /* ViewController.m */,
				7526549121BAAE6800FAE206 /* Helper+Objc.h */,
				7526549221BAAE6800FAE206 /* Helper+Objc.m */,
				7526548F21BAAE4A00FAE206 /* Helper.swift */,
				7526547E21BAAD6B00FAE206 /* Main.storyboard */,
				7526548121BAAD6D00FAE206 /* Assets.xcassets */,
				7526548321BAAD6D00FAE206 /* LaunchScreen.storyboard */,
				7526548621BAAD6D00FAE206 /* Info.plist */,
				7526548721BAAD6D00FAE206 /* main.m */,
				7526548E21BAAE4A00FAE206 /* TestMixBuild-Bridging-Header.h */,
			);
			path = TestMixBuild;
			sourceTree = "<group>";
		};
/* End PBXGroup section */

/* Begin PBXNativeTarget section */
		7526547421BAAD6B00FAE206 /* TestMixBuild */ = {
			isa = PBXNativeTarget;
			buildConfigurationList = 7526548B21BAAD6D00FAE206 /* Build configuration list for PBXNativeTarget "TestMixBuild" */;
			buildPhases = (
				15231982E797097752C38E6D /* [CP] Check Pods Manifest.lock */,
				7526547121BAAD6B00FAE206 /* Sources */,
				7526547221BAAD6B00FAE206 /* Frameworks */,
				7526547321BAAD6B00FAE206 /* Resources */,
			);
			buildRules = (
			);
			dependencies = (
			);
			name = TestMixBuild;
			productName = TestMixBuild;
			productReference = 7526547521BAAD6B00FAE206 /* TestMixBuild.app */;
			productType = "com.apple.product-type.application";
		};
/* End PBXNativeTarget section */

/* Begin PBXProject section */
		7526546D21BAAD6B00FAE206 /* Project object */ = {
			isa = PBXProject;
			attributes = {
				LastUpgradeCheck = 1010;
				ORGANIZATIONNAME = jianjun;
				TargetAttributes = {
					7526547421BAAD6B00FAE206 = {
						CreatedOnToolsVersion = 10.1;
						LastSwiftMigration = 1010;
					};
				};
			};
			buildConfigurationList = 7526547021BAAD6B00FAE206 /* Build configuration list for PBXProject "TestMixBuild" */;
			compatibilityVersion = "Xcode 9.3";
			developmentRegion = en;
			hasScannedForEncodings = 0;
			knownRegions = (
				en,
				Base,
			);
			mainGroup = 7526546C21BAAD6B00FAE206;
			productRefGroup = 7526547621BAAD6B00FAE206 /* Products */;
			projectDirPath = "";
			projectRoot = "";
			targets = (
				7526547421BAAD6B00FAE206 /* TestMixBuild */,
			);
		};
/* End PBXProject section */

/* Begin PBXResourcesBuildPhase section */
		7526547321BAAD6B00FAE206 /* Resources */ = {
			isa = PBXResourcesBuildPhase;
			buildActionMask = 2147483647;
			files = (
				7526548521BAAD6D00FAE206 /* LaunchScreen.storyboard in Resources */,
				7526548221BAAD6D00FAE206 /* Assets.xcassets in Resources */,
				7526548021BAAD6B00FAE206 /* Main.storyboard in Resources */,
			);
			runOnlyForDeploymentPostprocessing = 0;
		};
/* End PBXResourcesBuildPhase section */

/* Begin PBXShellScriptBuildPhase section */
		15231982E797097752C38E6D /* [CP] Check Pods Manifest.lock */ = {
			isa = PBXShellScriptBuildPhase;
			buildActionMask = 2147483647;
			files = (
			);
			inputPaths = (
				"${PODS_PODFILE_DIR_PATH}/Podfile.lock",
				"${PODS_ROOT}/Manifest.lock",
			);
			name = "[CP] Check Pods Manifest.lock";
			outputPaths = (
				"$(DERIVED_FILE_DIR)/Pods-TestMixBuild-checkManifestLockResult.txt",
			);
			runOnlyForDeploymentPostprocessing = 0;
			shellPath = /bin/sh;
			shellScript = "diff \"${PODS_PODFILE_DIR_PATH}/Podfile.lock\" \"${PODS_ROOT}/Manifest.lock\" > /dev/null\nif [ $? != 0 ] ; then\n    # print error to STDERR\n    echo \"error: The sandbox is not in sync with the Podfile.lock. Run 'pod install' or update your CocoaPods installation.\" >&2\n    exit 1\nfi\n# This output is used by Xcode 'outputs' to avoid re-running this script phase.\necho \"SUCCESS\" > \"${SCRIPT_OUTPUT_FILE_0}\"\n";
			showEnvVarsInLog = 0;
		};
/* End PBXShellScriptBuildPhase section */

/* Begin PBXSourcesBuildPhase section */
		7526547121BAAD6B00FAE206 /* Sources */ = {
			isa = PBXSourcesBuildPhase;
			buildActionMask = 2147483647;
			files = (
				7526547D21BAAD6B00FAE206 /* ViewController.m in Sources */,
				7526549321BAAE6800FAE206 /* Helper+Objc.m in Sources */,
				7526548821BAAD6D00FAE206 /* main.m in Sources */,
				7526547A21BAAD6B00FAE206 /* AppDelegate.m in Sources */,
				7526549021BAAE4A00FAE206 /* Helper.swift in Sources */,
			);
			runOnlyForDeploymentPostprocessing = 0;
		};
/* End PBXSourcesBuildPhase section */

/* Begin PBXVariantGroup section */
		7526547E21BAAD6B00FAE206 /* Main.storyboard */ = {
			isa = PBXVariantGroup;
			children = (
				7526547F21BAAD6B00FAE206 /* Base */,
			);
			name = Main.storyboard;
			sourceTree = "<group>";
		};
		7526548321BAAD6D00FAE206 /* LaunchScreen.storyboard */ = {
			isa = PBXVariantGroup;
			children = (
				7526548421BAAD6D00FAE206 /* Base */,
			);
			name = LaunchScreen.storyboard;
			sourceTree = "<group>";
		};
/* End PBXVariantGroup section */

/* Begin XCBuildConfiguration section */
		7526548921BAAD6D00FAE206 /* Debug */ = {
			isa = XCBuildConfiguration;
			buildSettings = {
				ALWAYS_SEARCH_USER_PATHS = NO;
				CLANG_ANALYZER_NONNULL = YES;
				CLANG_ANALYZER_NUMBER_OBJECT_CONVERSION = YES_AGGRESSIVE;
				CLANG_CXX_LANGUAGE_STANDARD = "gnu++14";
				CLANG_CXX_LIBRARY = "libc++";
				CLANG_ENABLE_MODULES = YES;
				CLANG_ENABLE_OBJC_ARC = YES;
				CLANG_ENABLE_OBJC_WEAK = YES;
				CLANG_WARN_BLOCK_CAPTURE_AUTORELEASING = YES;
				CLANG_WARN_BOOL_CONVERSION = YES;
				CLANG_WARN_COMMA = YES;
				CLANG_WARN_CONSTANT_CONVERSION = YES;
				CLANG_WARN_DEPRECATED_OBJC_IMPLEMENTATIONS = YES;
				CLANG_WARN_DIRECT_OBJC_ISA_USAGE = YES_ERROR;
				CLANG_WARN_DOCUMENTATION_COMMENTS = YES;
				CLANG_WARN_EMPTY_BODY = YES;
				CLANG_WARN_ENUM_CONVERSION = YES;
				CLANG_WARN_INFINITE_RECURSION = YES;
				CLANG_WARN_INT_CONVERSION = YES;
				CLANG_WARN_NON_LITERAL_NULL_CONVERSION = YES;
				CLANG_WARN_OBJC_IMPLICIT_RETAIN_SELF = YES;
				CLANG_WARN_OBJC_LITERAL_CONVERSION = YES;
				CLANG_WARN_OBJC_ROOT_CLASS = YES_ERROR;
				CLANG_WARN_RANGE_LOOP_ANALYSIS = YES;
				CLANG_WARN_STRICT_PROTOTYPES = YES;
				CLANG_WARN_SUSPICIOUS_MOVE = YES;
				CLANG_WARN_UNGUARDED_AVAILABILITY = YES_AGGRESSIVE;
				CLANG_WARN_UNREACHABLE_CODE = YES;
				CLANG_WARN__DUPLICATE_METHOD_MATCH = YES;
				CODE_SIGN_IDENTITY = "iPhone Developer";
				COPY_PHASE_STRIP = NO;
				DEBUG_INFORMATION_FORMAT = dwarf;
				ENABLE_STRICT_OBJC_MSGSEND = YES;
				ENABLE_TESTABILITY = YES;
				GCC_C_LANGUAGE_STANDARD = gnu11;
				GCC_DYNAMIC_NO_PIC = NO;
				GCC_NO_COMMON_BLOCKS = YES;
				GCC_OPTIMIZATION_LEVEL = 0;
				GCC_PREPROCESSOR_DEFINITIONS = (
					"DEBUG=1",
					"$(inherited)",
				);
				GCC_WARN_64_TO_32_BIT_CONVERSION = YES;
				GCC_WARN_ABOUT_RETURN_TYPE = YES_ERROR;
				GCC_WARN_UNDECLARED_SELECTOR = YES;
				GCC_WARN_UNINITIALIZED_AUTOS = YES_AGGRESSIVE;
				GCC_WARN_UNUSED_FUNCTION = YES;
				GCC_WARN_UNUSED_VARIABLE = YES;
				IPHONEOS_DEPLOYMENT_TARGET = 12.1;
				MTL_ENABLE_DEBUG_INFO = INCLUDE_SOURCE;
				MTL_FAST_MATH = YES;
				ONLY_ACTIVE_ARCH = YES;
				SDKROOT = iphoneos;
				SWIFT_PRECOMPILE_BRIDGING_HEADER = NO;
			};
			name = Debug;
		};
		7526548A21BAAD6D00FAE206 /* Release */ = {
			isa = XCBuildConfiguration;
			buildSettings = {
				ALWAYS_SEARCH_USER_PATHS = NO;
				CLANG_ANALYZER_NONNULL = YES;
				CLANG_ANALYZER_NUMBER_OBJECT_CONVERSION = YES_AGGRESSIVE;
				CLANG_CXX_LANGUAGE_STANDARD = "gnu++14";
				CLANG_CXX_LIBRARY = "libc++";
				CLANG_ENABLE_MODULES = YES;
				CLANG_ENABLE_OBJC_ARC = YES;
				CLANG_ENABLE_OBJC_WEAK = YES;
				CLANG_WARN_BLOCK_CAPTURE_AUTORELEASING = YES;
				CLANG_WARN_BOOL_CONVERSION = YES;
				CLANG_WARN_COMMA = YES;
				CLANG_WARN_CONSTANT_CONVERSION = YES;
				CLANG_WARN_DEPRECATED_OBJC_IMPLEMENTATIONS = YES;
				CLANG_WARN_DIRECT_OBJC_ISA_USAGE = YES_ERROR;
				CLANG_WARN_DOCUMENTATION_COMMENTS = YES;
				CLANG_WARN_EMPTY_BODY = YES;
				CLANG_WARN_ENUM_CONVERSION = YES;
				CLANG_WARN_INFINITE_RECURSION = YES;
				CLANG_WARN_INT_CONVERSION = YES;
				CLANG_WARN_NON_LITERAL_NULL_CONVERSION = YES;
				CLANG_WARN_OBJC_IMPLICIT_RETAIN_SELF = YES;
				CLANG_WARN_OBJC_LITERAL_CONVERSION = YES;
				CLANG_WARN_OBJC_ROOT_CLASS = YES_ERROR;
				CLANG_WARN_RANGE_LOOP_ANALYSIS = YES;
				CLANG_WARN_STRICT_PROTOTYPES = YES;
				CLANG_WARN_SUSPICIOUS_MOVE = YES;
				CLANG_WARN_UNGUARDED_AVAILABILITY = YES_AGGRESSIVE;
				CLANG_WARN_UNREACHABLE_CODE = YES;
				CLANG_WARN__DUPLICATE_METHOD_MATCH = YES;
				CODE_SIGN_IDENTITY = "iPhone Developer";
				COPY_PHASE_STRIP = NO;
				DEBUG_INFORMATION_FORMAT = "dwarf-with-dsym";
				ENABLE_NS_ASSERTIONS = NO;
				ENABLE_STRICT_OBJC_MSGSEND = YES;
				GCC_C_LANGUAGE_STANDARD = gnu11;
				GCC_NO_COMMON_BLOCKS = YES;
				GCC_WARN_64_TO_32_BIT_CONVERSION = YES;
				GCC_WARN_ABOUT_RETURN_TYPE = YES_ERROR;
				GCC_WARN_UNDECLARED_SELECTOR = YES;
				GCC_WARN_UNINITIALIZED_AUTOS = YES_AGGRESSIVE;
				GCC_WARN_UNUSED_FUNCTION = YES;
				GCC_WARN_UNUSED_VARIABLE = YES;
				IPHONEOS_DEPLOYMENT_TARGET = 12.1;
				MTL_ENABLE_DEBUG_INFO = NO;
				MTL_FAST_MATH = YES;
				SDKROOT = iphoneos;
				SWIFT_COMPILATION_MODE = wholemodule;
				SWIFT_PRECOMPILE_BRIDGING_HEADER = NO;
				VALIDATE_PRODUCT = YES;
			};
			name = Release;
		};
		7526548C21BAAD6D00FAE206 /* Debug */ = {
			isa = XCBuildConfiguration;
			baseConfigurationReference = B85A599D0A7B12C3FE635C7D /* Pods-TestMixBuild.debug.xcconfig */;
			buildSettings = {
				ASSETCATALOG_COMPILER_APPICON_NAME = AppIcon;
				CLANG_ENABLE_MODULES = YES;
				CODE_SIGN_STYLE = Automatic;
				DEVELOPMENT_TEAM = C62TJ4568H;
				INFOPLIST_FILE = TestMixBuild/Info.plist;
				LD_RUNPATH_SEARCH_PATHS = (
					"$(inherited)",
					"@executable_path/Frameworks",
				);
				PRODUCT_BUNDLE_IDENTIFIER = TestMixBuild;
				PRODUCT_NAME = "$(TARGET_NAME)";
				SWIFT_OBJC_BRIDGING_HEADER = "TestMixBuild/TestMixBuild-Bridging-Header.h";
				SWIFT_OPTIMIZATION_LEVEL = "-Onone";
				SWIFT_VERSION = 4.2;
				TARGETED_DEVICE_FAMILY = "1,2";
			};
			name = Debug;
		};
		7526548D21BAAD6D00FAE206 /* Release */ = {
			isa = XCBuildConfiguration;
			baseConfigurationReference = ABEA89B4377CB19CA4A96A3B /* Pods-TestMixBuild.release.xcconfig */;
			buildSettings = {
				ASSETCATALOG_COMPILER_APPICON_NAME = AppIcon;
				CLANG_ENABLE_MODULES = YES;
				CODE_SIGN_STYLE = Automatic;
				DEVELOPMENT_TEAM = C62TJ4568H;
				INFOPLIST_FILE = TestMixBuild/Info.plist;
				LD_RUNPATH_SEARCH_PATHS = (
					"$(inherited)",
					"@executable_path/Frameworks",
				);
				PRODUCT_BUNDLE_IDENTIFIER = TestMixBuild;
				PRODUCT_NAME = "$(TARGET_NAME)";
				SWIFT_OBJC_BRIDGING_HEADER = "TestMixBuild/TestMixBuild-Bridging-Header.h";
				SWIFT_VERSION = 4.2;
				TARGETED_DEVICE_FAMILY = "1,2";
			};
			name = Release;
		};
/* End XCBuildConfiguration section */

/* Begin XCConfigurationList section */
		7526547021BAAD6B00FAE206 /* Build configuration list for PBXProject "TestMixBuild" */ = {
			isa = XCConfigurationList;
			buildConfigurations = (
				7526548921BAAD6D00FAE206 /* Debug */,
				7526548A21BAAD6D00FAE206 /* Release */,
			);
			defaultConfigurationIsVisible = 0;
			defaultConfigurationName = Release;
		};
		7526548B21BAAD6D00FAE206 /* Build configuration list for PBXNativeTarget "TestMixBuild" */ = {
			isa = XCConfigurationList;
			buildConfigurations = (
				7526548C21BAAD6D00FAE206 /* Debug */,
				7526548D21BAAD6D00FAE206 /* Release */,
			);
			defaultConfigurationIsVisible = 0;
			defaultConfigurationName = Release;
		};
/* End XCConfigurationList section */
	};
	rootObject = 7526546D21BAAD6B00FAE206 /* Project object */;
}
