PODS:
  - ObjCOnlyPod (0.1.0)
  - ObjcSwiftMixPod (0.1.0):
    - ObjCOnlyPod

DEPENDENCIES:
  - ObjCOnlyPod (from `ObjCOnly/`)
  - ObjcSwiftMixPod (from `ObjcSwiftMix/`)

EXTERNAL SOURCES:
  ObjCOnlyPod:
    :path: ObjCOnly/
  ObjcSwiftMixPod:
    :path: ObjcSwiftMix/

SPEC CHECKSUMS:
  ObjCOnlyPod: 6816cfbf16e7fc4d19ca675c125b0ccf70a294f3
  ObjcSwiftMixPod: fd0a1305c31016a93f5b8ef14f2bbb30ef1a41d7

PODFILE CHECKSUM: 3656aa9696fb4f4feeacc43ff673ece27975c54a

COCOAPODS: 1.5.3
